
Microsoft Visual Studio Solution File, Format Version 12.00
# Visual Studio Version 16
VisualStudioVersion = 16.0.29519.181
MinimumVisualStudioVersion = 10.0.40219.1
Project("{9A19103F-16F7-4668-BE54-9A1E7A4F7556}") = "DoctorHouse.Api", "DoctorHouse.Api\DoctorHouse.Api.csproj", "{058F5A6E-0AB4-4548-8574-A33574EB9EF1}"
EndProject
Project("{2150E333-8FDC-42A3-9474-1A3956D46DE8}") = "ext", "ext", "{3289DD7B-589A-4C4B-A9EA-0BE816B66485}"
EndProject
Project("{9A19103F-16F7-4668-BE54-9A1E7A4F7556}") = "Beto.Core", "..\ext\beto.core\src\Beto.Core\Beto.Core.csproj", "{2A8DC3E2-54EE-4B65-9C1D-EDD3D4B53BDB}"
EndProject
Project("{9A19103F-16F7-4668-BE54-9A1E7A4F7556}") = "Beto.Core.Data", "..\ext\beto.core\src\Beto.Core.Data\Beto.Core.Data.csproj", "{402B77D2-CE11-4EA3-8D26-AD91AA275897}"
EndProject
Project("{9A19103F-16F7-4668-BE54-9A1E7A4F7556}") = "Beto.Core.Web", "..\ext\beto.core\src\Beto.Core.Web\Beto.Core.Web.csproj", "{DAFD2314-7B04-49D2-BB92-081DE84B3083}"
EndProject
Project("{FAE04EC0-301F-11D3-BF4B-00C04F79EFBC}") = "DoctorHouse.Data", "DoctorHouse.Data\DoctorHouse.Data.csproj", "{69DB9868-6B57-4004-9AF7-E901FB880212}"
EndProject
Project("{FAE04EC0-301F-11D3-BF4B-00C04F79EFBC}") = "DoctorHouse.Business", "DoctorHouse.Business\DoctorHouse.Business.csproj", "{96DC815D-8768-4D30-ABF7-F8DFC90B2989}"
EndProject
Global
	GlobalSection(SolutionConfigurationPlatforms) = preSolution
		Debug|Any CPU = Debug|Any CPU
		Release|Any CPU = Release|Any CPU
	EndGlobalSection
	GlobalSection(ProjectConfigurationPlatforms) = postSolution
		{058F5A6E-0AB4-4548-8574-A33574EB9EF1}.Debug|Any CPU.ActiveCfg = Debug|Any CPU
		{058F5A6E-0AB4-4548-8574-A33574EB9EF1}.Debug|Any CPU.Build.0 = Debug|Any CPU
		{058F5A6E-0AB4-4548-8574-A33574EB9EF1}.Release|Any CPU.ActiveCfg = Release|Any CPU
		{058F5A6E-0AB4-4548-8574-A33574EB9EF1}.Release|Any CPU.Build.0 = Release|Any CPU
		{2A8DC3E2-54EE-4B65-9C1D-EDD3D4B53BDB}.Debug|Any CPU.ActiveCfg = Debug|Any CPU
		{2A8DC3E2-54EE-4B65-9C1D-EDD3D4B53BDB}.Debug|Any CPU.Build.0 = Debug|Any CPU
		{2A8DC3E2-54EE-4B65-9C1D-EDD3D4B53BDB}.Release|Any CPU.ActiveCfg = Release|Any CPU
		{2A8DC3E2-54EE-4B65-9C1D-EDD3D4B53BDB}.Release|Any CPU.Build.0 = Release|Any CPU
		{402B77D2-CE11-4EA3-8D26-AD91AA275897}.Debug|Any CPU.ActiveCfg = Debug|Any CPU
		{402B77D2-CE11-4EA3-8D26-AD91AA275897}.Debug|Any CPU.Build.0 = Debug|Any CPU
		{402B77D2-CE11-4EA3-8D26-AD91AA275897}.Release|Any CPU.ActiveCfg = Release|Any CPU
		{402B77D2-CE11-4EA3-8D26-AD91AA275897}.Release|Any CPU.Build.0 = Release|Any CPU
		{DAFD2314-7B04-49D2-BB92-081DE84B3083}.Debug|Any CPU.ActiveCfg = Debug|Any CPU
		{DAFD2314-7B04-49D2-BB92-081DE84B3083}.Debug|Any CPU.Build.0 = Debug|Any CPU
		{DAFD2314-7B04-49D2-BB92-081DE84B3083}.Release|Any CPU.ActiveCfg = Release|Any CPU
		{DAFD2314-7B04-49D2-BB92-081DE84B3083}.Release|Any CPU.Build.0 = Release|Any CPU
		{69DB9868-6B57-4004-9AF7-E901FB880212}.Debug|Any CPU.ActiveCfg = Debug|Any CPU
		{69DB9868-6B57-4004-9AF7-E901FB880212}.Debug|Any CPU.Build.0 = Debug|Any CPU
		{69DB9868-6B57-4004-9AF7-E901FB880212}.Release|Any CPU.ActiveCfg = Release|Any CPU
		{69DB9868-6B57-4004-9AF7-E901FB880212}.Release|Any CPU.Build.0 = Release|Any CPU
		{96DC815D-8768-4D30-ABF7-F8DFC90B2989}.Debug|Any CPU.ActiveCfg = Debug|Any CPU
		{96DC815D-8768-4D30-ABF7-F8DFC90B2989}.Debug|Any CPU.Build.0 = Debug|Any CPU
		{96DC815D-8768-4D30-ABF7-F8DFC90B2989}.Release|Any CPU.ActiveCfg = Release|Any CPU
		{96DC815D-8768-4D30-ABF7-F8DFC90B2989}.Release|Any CPU.Build.0 = Release|Any CPU
	EndGlobalSection
	GlobalSection(SolutionProperties) = preSolution
		HideSolutionNode = FALSE
	EndGlobalSection
	GlobalSection(NestedProjects) = preSolution
		{2A8DC3E2-54EE-4B65-9C1D-EDD3D4B53BDB} = {3289DD7B-589A-4C4B-A9EA-0BE816B66485}
		{402B77D2-CE11-4EA3-8D26-AD91AA275897} = {3289DD7B-589A-4C4B-A9EA-0BE816B66485}
		{DAFD2314-7B04-49D2-BB92-081DE84B3083} = {3289DD7B-589A-4C4B-A9EA-0BE816B66485}
	EndGlobalSection
	GlobalSection(ExtensibilityGlobals) = postSolution
		SolutionGuid = {B45C676E-DFC7-4AA2-A0AB-CF53B4E5CED5}
	EndGlobalSection
EndGlobal
